
Microsoft Visual Studio Solution File, Format Version 12.00
# Visual Studio Version 16
VisualStudioVersion = 16.0.29403.142
MinimumVisualStudioVersion = 10.0.40219.1
Project("{9A19103F-16F7-4668-BE54-9A1E7A4F7556}") = "SimpleMiner", "SimpleMiner\SimpleMiner.csproj", "{01BD34FF-10B1-4F1A-AE07-8BE6967582BB}"
EndProject
Global
	GlobalSection(SolutionConfigurationPlatforms) = preSolution
		Debug|Any CPU = Debug|Any CPU
		Release|Any CPU = Release|Any CPU
	EndGlobalSection
	GlobalSection(ProjectConfigurationPlatforms) = postSolution
		{01BD34FF-10B1-4F1A-AE07-8BE6967582BB}.Debug|Any CPU.ActiveCfg = Debug|Any CPU
		{01BD34FF-10B1-4F1A-AE07-8BE6967582BB}.Debug|Any CPU.Build.0 = Debug|Any CPU
		{01BD34FF-10B1-4F1A-AE07-8BE6967582BB}.Release|Any CPU.ActiveCfg = Release|Any CPU
		{01BD34FF-10B1-4F1A-AE07-8BE6967582BB}.Release|Any CPU.Build.0 = Release|Any CPU
	EndGlobalSection
	GlobalSection(SolutionProperties) = preSolution
		HideSolutionNode = FALSE
	EndGlobalSection
	GlobalSection(ExtensibilityGlobals) = postSolution
		SolutionGuid = {B79B6600-FA4A-44A9-AFD5-442D169B90B2}
	EndGlobalSection
EndGlobal
