
Microsoft Visual Studio Solution File, Format Version 12.00
# Visual Studio 15
VisualStudioVersion = 15.0.27703.2035
MinimumVisualStudioVersion = 10.0.40219.1
Project("{FAE04EC0-301F-11D3-BF4B-00C04F79EFBC}") = "SimpleMiner", "SimpleMiner\SimpleMiner.csproj", "{351B1C2F-08F8-4ED5-8AAB-C371F6782038}"
EndProject
Global
	GlobalSection(SolutionConfigurationPlatforms) = preSolution
		Debug|Any CPU = Debug|Any CPU
		Release|Any CPU = Release|Any CPU
	EndGlobalSection
	GlobalSection(ProjectConfigurationPlatforms) = postSolution
		{351B1C2F-08F8-4ED5-8AAB-C371F6782038}.Debug|Any CPU.ActiveCfg = Debug|Any CPU
		{351B1C2F-08F8-4ED5-8AAB-C371F6782038}.Debug|Any CPU.Build.0 = Debug|Any CPU
		{351B1C2F-08F8-4ED5-8AAB-C371F6782038}.Release|Any CPU.ActiveCfg = Release|Any CPU
		{351B1C2F-08F8-4ED5-8AAB-C371F6782038}.Release|Any CPU.Build.0 = Release|Any CPU
	EndGlobalSection
	GlobalSection(SolutionProperties) = preSolution
		HideSolutionNode = FALSE
	EndGlobalSection
	GlobalSection(ExtensibilityGlobals) = postSolution
		SolutionGuid = {34A3E0F1-2D24-4690-9A2F-08EC485B3F8F}
	EndGlobalSection
EndGlobal
